// !$*UTF8*$!
{
	archiveVersion = 1;
	classes = {
	};
	objectVersion = 56;
	objects = {

/* Begin PBXBuildFile section */
		8BF9A61729EB02330079F7A7 /* AppDelegate.swift in Sources */ = {isa = PBXBuildFile; fileRef = 8BF9A61629EB02330079F7A7 /* AppDelegate.swift */; };
		8BF9A61B29EB02330079F7A7 /* ViewController.swift in Sources */ = {isa = PBXBuildFile; fileRef = 8BF9A61A29EB02330079F7A7 /* ViewController.swift */; };
		8BF9A61E29EB02330079F7A7 /* Main.storyboard in Resources */ = {isa = PBXBuildFile; fileRef = 8BF9A61C29EB02330079F7A7 /* Main.storyboard */; };
		8BF9A62029EB02350079F7A7 /* Assets.xcassets in Resources */ = {isa = PBXBuildFile; fileRef = 8BF9A61F29EB02350079F7A7 /* Assets.xcassets */; };
		8BF9A62329EB02350079F7A7 /* LaunchScreen.storyboard in Resources */ = {isa = PBXBuildFile; fileRef = 8BF9A62129EB02350079F7A7 /* LaunchScreen.storyboard */; };
		8BF9A62E29EB08560079F7A7 /* CustomTableViewCell.swift in Sources */ = {isa = PBXBuildFile; fileRef = 8BF9A62D29EB08560079F7A7 /* CustomTableViewCell.swift */; };
		8BF9A63129EB1D860079F7A7 /* BooksModel.swift in Sources */ = {isa = PBXBuildFile; fileRef = 8BF9A63029EB1D860079F7A7 /* BooksModel.swift */; };
		8BF9A63329EB1EAA0079F7A7 /* WorkModel.swift in Sources */ = {isa = PBXBuildFile; fileRef = 8BF9A63229EB1EAA0079F7A7 /* WorkModel.swift */; };
		8BF9A63629EB22E90079F7A7 /* NetworkManager.swift in Sources */ = {isa = PBXBuildFile; fileRef = 8BF9A63529EB22E90079F7A7 /* NetworkManager.swift */; };
		8BF9A63829EC5E180079F7A7 /* SecondViewController.swift in Sources */ = {isa = PBXBuildFile; fileRef = 8BF9A63729EC5E180079F7A7 /* SecondViewController.swift */; };
		8BF9A63C29EC70240079F7A7 /* BookModel.swift in Sources */ = {isa = PBXBuildFile; fileRef = 8BF9A63B29EC70240079F7A7 /* BookModel.swift */; };
		8BF9A64D29EDB1170079F7A7 /* RatingsBookModel.swift in Sources */ = {isa = PBXBuildFile; fileRef = 8BF9A64C29EDB1170079F7A7 /* RatingsBookModel.swift */; };
		8BF9A64F29EDB1290079F7A7 /* SummaryModel.swift in Sources */ = {isa = PBXBuildFile; fileRef = 8BF9A64E29EDB1290079F7A7 /* SummaryModel.swift */; };
/* End PBXBuildFile section */

/* Begin PBXFileReference section */
		8BF9A61329EB02330079F7A7 /* OpenLibrary.app */ = {isa = PBXFileReference; explicitFileType = wrapper.application; includeInIndex = 0; path = OpenLibrary.app; sourceTree = BUILT_PRODUCTS_DIR; };
		8BF9A61629EB02330079F7A7 /* AppDelegate.swift */ = {isa = PBXFileReference; lastKnownFileType = sourcecode.swift; path = AppDelegate.swift; sourceTree = "<group>"; };
		8BF9A61A29EB02330079F7A7 /* ViewController.swift */ = {isa = PBXFileReference; lastKnownFileType = sourcecode.swift; path = ViewController.swift; sourceTree = "<group>"; };
		8BF9A61D29EB02330079F7A7 /* Base */ = {isa = PBXFileReference; lastKnownFileType = file.storyboard; name = Base; path = Base.lproj/Main.storyboard; sourceTree = "<group>"; };
		8BF9A61F29EB02350079F7A7 /* Assets.xcassets */ = {isa = PBXFileReference; lastKnownFileType = folder.assetcatalog; path = Assets.xcassets; sourceTree = "<group>"; };
		8BF9A62229EB02350079F7A7 /* Base */ = {isa = PBXFileReference; lastKnownFileType = file.storyboard; name = Base; path = Base.lproj/LaunchScreen.storyboard; sourceTree = "<group>"; };
		8BF9A62429EB02350079F7A7 /* Info.plist */ = {isa = PBXFileReference; lastKnownFileType = text.plist.xml; path = Info.plist; sourceTree = "<group>"; };
		8BF9A62D29EB08560079F7A7 /* CustomTableViewCell.swift */ = {isa = PBXFileReference; lastKnownFileType = sourcecode.swift; path = CustomTableViewCell.swift; sourceTree = "<group>"; };
		8BF9A63029EB1D860079F7A7 /* BooksModel.swift */ = {isa = PBXFileReference; lastKnownFileType = sourcecode.swift; path = BooksModel.swift; sourceTree = "<group>"; };
		8BF9A63229EB1EAA0079F7A7 /* WorkModel.swift */ = {isa = PBXFileReference; lastKnownFileType = sourcecode.swift; path = WorkModel.swift; sourceTree = "<group>"; };
		8BF9A63529EB22E90079F7A7 /* NetworkManager.swift */ = {isa = PBXFileReference; lastKnownFileType = sourcecode.swift; path = NetworkManager.swift; sourceTree = "<group>"; };
		8BF9A63729EC5E180079F7A7 /* SecondViewController.swift */ = {isa = PBXFileReference; lastKnownFileType = sourcecode.swift; path = SecondViewController.swift; sourceTree = "<group>"; };
		8BF9A63B29EC70240079F7A7 /* BookModel.swift */ = {isa = PBXFileReference; lastKnownFileType = sourcecode.swift; path = BookModel.swift; sourceTree = "<group>"; };
		8BF9A64C29EDB1170079F7A7 /* RatingsBookModel.swift */ = {isa = PBXFileReference; lastKnownFileType = sourcecode.swift; path = RatingsBookModel.swift; sourceTree = "<group>"; };
		8BF9A64E29EDB1290079F7A7 /* SummaryModel.swift */ = {isa = PBXFileReference; lastKnownFileType = sourcecode.swift; path = SummaryModel.swift; sourceTree = "<group>"; };
/* End PBXFileReference section */

/* Begin PBXFrameworksBuildPhase section */
		8BF9A61029EB02330079F7A7 /* Frameworks */ = {
			isa = PBXFrameworksBuildPhase;
			buildActionMask = 2147483647;
			files = (
			);
			runOnlyForDeploymentPostprocessing = 0;
		};
/* End PBXFrameworksBuildPhase section */

/* Begin PBXGroup section */
		8BF9A60A29EB02320079F7A7 = {
			isa = PBXGroup;
			children = (
				8BF9A61529EB02330079F7A7 /* OpenLibrary */,
				8BF9A61429EB02330079F7A7 /* Products */,
			);
			sourceTree = "<group>";
		};
		8BF9A61429EB02330079F7A7 /* Products */ = {
			isa = PBXGroup;
			children = (
				8BF9A61329EB02330079F7A7 /* OpenLibrary.app */,
			);
			name = Products;
			sourceTree = "<group>";
		};
		8BF9A61529EB02330079F7A7 /* OpenLibrary */ = {
			isa = PBXGroup;
			children = (
				8BF9A63429EB22BA0079F7A7 /* NetworkManager */,
				8BF9A62F29EB0DDD0079F7A7 /* Models */,
				8BF9A62A29EB04950079F7A7 /* Cell */,
				8BF9A61629EB02330079F7A7 /* AppDelegate.swift */,
				8BF9A61A29EB02330079F7A7 /* ViewController.swift */,
				8BF9A63729EC5E180079F7A7 /* SecondViewController.swift */,
				8BF9A61C29EB02330079F7A7 /* Main.storyboard */,
				8BF9A61F29EB02350079F7A7 /* Assets.xcassets */,
				8BF9A62129EB02350079F7A7 /* LaunchScreen.storyboard */,
				8BF9A62429EB02350079F7A7 /* Info.plist */,
			);
			path = OpenLibrary;
			sourceTree = "<group>";
		};
		8BF9A62A29EB04950079F7A7 /* Cell */ = {
			isa = PBXGroup;
			children = (
				8BF9A62D29EB08560079F7A7 /* CustomTableViewCell.swift */,
			);
			path = Cell;
			sourceTree = "<group>";
		};
		8BF9A62F29EB0DDD0079F7A7 /* Models */ = {
			isa = PBXGroup;
			children = (
				8BF9A64929EDB0460079F7A7 /* RatingsBookModel */,
				8BF9A63A29EC68290079F7A7 /* BookModel */,
				8BF9A63929EC68180079F7A7 /* BooksModel */,
			);
			path = Models;
			sourceTree = "<group>";
		};
		8BF9A63429EB22BA0079F7A7 /* NetworkManager */ = {
			isa = PBXGroup;
			children = (
				8BF9A63529EB22E90079F7A7 /* NetworkManager.swift */,
			);
			path = NetworkManager;
			sourceTree = "<group>";
		};
		8BF9A63929EC68180079F7A7 /* BooksModel */ = {
			isa = PBXGroup;
			children = (
				8BF9A63029EB1D860079F7A7 /* BooksModel.swift */,
				8BF9A63229EB1EAA0079F7A7 /* WorkModel.swift */,
			);
			path = BooksModel;
			sourceTree = "<group>";
		};
		8BF9A63A29EC68290079F7A7 /* BookModel */ = {
			isa = PBXGroup;
			children = (
				8BF9A63B29EC70240079F7A7 /* BookModel.swift */,
			);
			path = BookModel;
			sourceTree = "<group>";
		};
		8BF9A64929EDB0460079F7A7 /* RatingsBookModel */ = {
			isa = PBXGroup;
			children = (
				8BF9A64C29EDB1170079F7A7 /* RatingsBookModel.swift */,
				8BF9A64E29EDB1290079F7A7 /* SummaryModel.swift */,
			);
			path = RatingsBookModel;
			sourceTree = "<group>";
		};
/* End PBXGroup section */

/* Begin PBXNativeTarget section */
		8BF9A61229EB02330079F7A7 /* OpenLibrary */ = {
			isa = PBXNativeTarget;
			buildConfigurationList = 8BF9A62729EB02350079F7A7 /* Build configuration list for PBXNativeTarget "OpenLibrary" */;
			buildPhases = (
				8BF9A60F29EB02330079F7A7 /* Sources */,
				8BF9A61029EB02330079F7A7 /* Frameworks */,
				8BF9A61129EB02330079F7A7 /* Resources */,
			);
			buildRules = (
			);
			dependencies = (
			);
			name = OpenLibrary;
			productName = OpenLibrary;
			productReference = 8BF9A61329EB02330079F7A7 /* OpenLibrary.app */;
			productType = "com.apple.product-type.application";
		};
/* End PBXNativeTarget section */

/* Begin PBXProject section */
		8BF9A60B29EB02320079F7A7 /* Project object */ = {
			isa = PBXProject;
			attributes = {
				BuildIndependentTargetsInParallel = 1;
				LastSwiftUpdateCheck = 1430;
				LastUpgradeCheck = 1430;
				TargetAttributes = {
					8BF9A61229EB02330079F7A7 = {
						CreatedOnToolsVersion = 14.3;
					};
				};
			};
			buildConfigurationList = 8BF9A60E29EB02320079F7A7 /* Build configuration list for PBXProject "OpenLibrary" */;
			compatibilityVersion = "Xcode 14.0";
			developmentRegion = en;
			hasScannedForEncodings = 0;
			knownRegions = (
				en,
				Base,
			);
			mainGroup = 8BF9A60A29EB02320079F7A7;
			productRefGroup = 8BF9A61429EB02330079F7A7 /* Products */;
			projectDirPath = "";
			projectRoot = "";
			targets = (
				8BF9A61229EB02330079F7A7 /* OpenLibrary */,
			);
		};
/* End PBXProject section */

/* Begin PBXResourcesBuildPhase section */
		8BF9A61129EB02330079F7A7 /* Resources */ = {
			isa = PBXResourcesBuildPhase;
			buildActionMask = 2147483647;
			files = (
				8BF9A62329EB02350079F7A7 /* LaunchScreen.storyboard in Resources */,
				8BF9A62029EB02350079F7A7 /* Assets.xcassets in Resources */,
				8BF9A61E29EB02330079F7A7 /* Main.storyboard in Resources */,
			);
			runOnlyForDeploymentPostprocessing = 0;
		};
/* End PBXResourcesBuildPhase section */

/* Begin PBXSourcesBuildPhase section */
		8BF9A60F29EB02330079F7A7 /* Sources */ = {
			isa = PBXSourcesBuildPhase;
			buildActionMask = 2147483647;
			files = (
				8BF9A63629EB22E90079F7A7 /* NetworkManager.swift in Sources */,
				8BF9A63329EB1EAA0079F7A7 /* WorkModel.swift in Sources */,
				8BF9A62E29EB08560079F7A7 /* CustomTableViewCell.swift in Sources */,
				8BF9A61B29EB02330079F7A7 /* ViewController.swift in Sources */,
				8BF9A63829EC5E180079F7A7 /* SecondViewController.swift in Sources */,
				8BF9A63129EB1D860079F7A7 /* BooksModel.swift in Sources */,
				8BF9A63C29EC70240079F7A7 /* BookModel.swift in Sources */,
				8BF9A64D29EDB1170079F7A7 /* RatingsBookModel.swift in Sources */,
				8BF9A64F29EDB1290079F7A7 /* SummaryModel.swift in Sources */,
				8BF9A61729EB02330079F7A7 /* AppDelegate.swift in Sources */,
			);
			runOnlyForDeploymentPostprocessing = 0;
		};
/* End PBXSourcesBuildPhase section */

/* Begin PBXVariantGroup section */
		8BF9A61C29EB02330079F7A7 /* Main.storyboard */ = {
			isa = PBXVariantGroup;
			children = (
				8BF9A61D29EB02330079F7A7 /* Base */,
			);
			name = Main.storyboard;
			sourceTree = "<group>";
		};
		8BF9A62129EB02350079F7A7 /* LaunchScreen.storyboard */ = {
			isa = PBXVariantGroup;
			children = (
				8BF9A62229EB02350079F7A7 /* Base */,
			);
			name = LaunchScreen.storyboard;
			sourceTree = "<group>";
		};
/* End PBXVariantGroup section */

/* Begin XCBuildConfiguration section */
		8BF9A62529EB02350079F7A7 /* Debug */ = {
			isa = XCBuildConfiguration;
			buildSettings = {
				ALWAYS_SEARCH_USER_PATHS = NO;
				CLANG_ANALYZER_NONNULL = YES;
				CLANG_ANALYZER_NUMBER_OBJECT_CONVERSION = YES_AGGRESSIVE;
				CLANG_CXX_LANGUAGE_STANDARD = "gnu++20";
				CLANG_ENABLE_MODULES = YES;
				CLANG_ENABLE_OBJC_ARC = YES;
				CLANG_ENABLE_OBJC_WEAK = YES;
				CLANG_WARN_BLOCK_CAPTURE_AUTORELEASING = YES;
				CLANG_WARN_BOOL_CONVERSION = YES;
				CLANG_WARN_COMMA = YES;
				CLANG_WARN_CONSTANT_CONVERSION = YES;
				CLANG_WARN_DEPRECATED_OBJC_IMPLEMENTATIONS = YES;
				CLANG_WARN_DIRECT_OBJC_ISA_USAGE = YES_ERROR;
				CLANG_WARN_DOCUMENTATION_COMMENTS = YES;
				CLANG_WARN_EMPTY_BODY = YES;
				CLANG_WARN_ENUM_CONVERSION = YES;
				CLANG_WARN_INFINITE_RECURSION = YES;
				CLANG_WARN_INT_CONVERSION = YES;
				CLANG_WARN_NON_LITERAL_NULL_CONVERSION = YES;
				CLANG_WARN_OBJC_IMPLICIT_RETAIN_SELF = YES;
				CLANG_WARN_OBJC_LITERAL_CONVERSION = YES;
				CLANG_WARN_OBJC_ROOT_CLASS = YES_ERROR;
				CLANG_WARN_QUOTED_INCLUDE_IN_FRAMEWORK_HEADER = YES;
				CLANG_WARN_RANGE_LOOP_ANALYSIS = YES;
				CLANG_WARN_STRICT_PROTOTYPES = YES;
				CLANG_WARN_SUSPICIOUS_MOVE = YES;
				CLANG_WARN_UNGUARDED_AVAILABILITY = YES_AGGRESSIVE;
				CLANG_WARN_UNREACHABLE_CODE = YES;
				CLANG_WARN__DUPLICATE_METHOD_MATCH = YES;
				COPY_PHASE_STRIP = NO;
				DEBUG_INFORMATION_FORMAT = dwarf;
				ENABLE_STRICT_OBJC_MSGSEND = YES;
				ENABLE_TESTABILITY = YES;
				GCC_C_LANGUAGE_STANDARD = gnu11;
				GCC_DYNAMIC_NO_PIC = NO;
				GCC_NO_COMMON_BLOCKS = YES;
				GCC_OPTIMIZATION_LEVEL = 0;
				GCC_PREPROCESSOR_DEFINITIONS = (
					"DEBUG=1",
					"$(inherited)",
				);
				GCC_WARN_64_TO_32_BIT_CONVERSION = YES;
				GCC_WARN_ABOUT_RETURN_TYPE = YES_ERROR;
				GCC_WARN_UNDECLARED_SELECTOR = YES;
				GCC_WARN_UNINITIALIZED_AUTOS = YES_AGGRESSIVE;
				GCC_WARN_UNUSED_FUNCTION = YES;
				GCC_WARN_UNUSED_VARIABLE = YES;
				IPHONEOS_DEPLOYMENT_TARGET = 16.4;
				MTL_ENABLE_DEBUG_INFO = INCLUDE_SOURCE;
				MTL_FAST_MATH = YES;
				ONLY_ACTIVE_ARCH = YES;
				SDKROOT = iphoneos;
				SWIFT_ACTIVE_COMPILATION_CONDITIONS = DEBUG;
				SWIFT_OPTIMIZATION_LEVEL = "-Onone";
			};
			name = Debug;
		};
		8BF9A62629EB02350079F7A7 /* Release */ = {
			isa = XCBuildConfiguration;
			buildSettings = {
				ALWAYS_SEARCH_USER_PATHS = NO;
				CLANG_ANALYZER_NONNULL = YES;
				CLANG_ANALYZER_NUMBER_OBJECT_CONVERSION = YES_AGGRESSIVE;
				CLANG_CXX_LANGUAGE_STANDARD = "gnu++20";
				CLANG_ENABLE_MODULES = YES;
				CLANG_ENABLE_OBJC_ARC = YES;
				CLANG_ENABLE_OBJC_WEAK = YES;
				CLANG_WARN_BLOCK_CAPTURE_AUTORELEASING = YES;
				CLANG_WARN_BOOL_CONVERSION = YES;
				CLANG_WARN_COMMA = YES;
				CLANG_WARN_CONSTANT_CONVERSION = YES;
				CLANG_WARN_DEPRECATED_OBJC_IMPLEMENTATIONS = YES;
				CLANG_WARN_DIRECT_OBJC_ISA_USAGE = YES_ERROR;
				CLANG_WARN_DOCUMENTATION_COMMENTS = YES;
				CLANG_WARN_EMPTY_BODY = YES;
				CLANG_WARN_ENUM_CONVERSION = YES;
				CLANG_WARN_INFINITE_RECURSION = YES;
				CLANG_WARN_INT_CONVERSION = YES;
				CLANG_WARN_NON_LITERAL_NULL_CONVERSION = YES;
				CLANG_WARN_OBJC_IMPLICIT_RETAIN_SELF = YES;
				CLANG_WARN_OBJC_LITERAL_CONVERSION = YES;
				CLANG_WARN_OBJC_ROOT_CLASS = YES_ERROR;
				CLANG_WARN_QUOTED_INCLUDE_IN_FRAMEWORK_HEADER = YES;
				CLANG_WARN_RANGE_LOOP_ANALYSIS = YES;
				CLANG_WARN_STRICT_PROTOTYPES = YES;
				CLANG_WARN_SUSPICIOUS_MOVE = YES;
				CLANG_WARN_UNGUARDED_AVAILABILITY = YES_AGGRESSIVE;
				CLANG_WARN_UNREACHABLE_CODE = YES;
				CLANG_WARN__DUPLICATE_METHOD_MATCH = YES;
				COPY_PHASE_STRIP = NO;
				DEBUG_INFORMATION_FORMAT = "dwarf-with-dsym";
				ENABLE_NS_ASSERTIONS = NO;
				ENABLE_STRICT_OBJC_MSGSEND = YES;
				GCC_C_LANGUAGE_STANDARD = gnu11;
				GCC_NO_COMMON_BLOCKS = YES;
				GCC_WARN_64_TO_32_BIT_CONVERSION = YES;
				GCC_WARN_ABOUT_RETURN_TYPE = YES_ERROR;
				GCC_WARN_UNDECLARED_SELECTOR = YES;
				GCC_WARN_UNINITIALIZED_AUTOS = YES_AGGRESSIVE;
				GCC_WARN_UNUSED_FUNCTION = YES;
				GCC_WARN_UNUSED_VARIABLE = YES;
				IPHONEOS_DEPLOYMENT_TARGET = 16.4;
				MTL_ENABLE_DEBUG_INFO = NO;
				MTL_FAST_MATH = YES;
				SDKROOT = iphoneos;
				SWIFT_COMPILATION_MODE = wholemodule;
				SWIFT_OPTIMIZATION_LEVEL = "-O";
				VALIDATE_PRODUCT = YES;
			};
			name = Release;
		};
		8BF9A62829EB02350079F7A7 /* Debug */ = {
			isa = XCBuildConfiguration;
			buildSettings = {
				ASSETCATALOG_COMPILER_APPICON_NAME = AppIcon;
				ASSETCATALOG_COMPILER_GLOBAL_ACCENT_COLOR_NAME = AccentColor;
				CODE_SIGN_STYLE = Automatic;
				CURRENT_PROJECT_VERSION = 1;
				DEVELOPMENT_TEAM = 698W6FDU3B;
				GENERATE_INFOPLIST_FILE = YES;
				INFOPLIST_FILE = OpenLibrary/Info.plist;
				INFOPLIST_KEY_UIApplicationSupportsIndirectInputEvents = YES;
				INFOPLIST_KEY_UILaunchStoryboardName = LaunchScreen;
				INFOPLIST_KEY_UIMainStoryboardFile = Main;
				INFOPLIST_KEY_UISupportedInterfaceOrientations = UIInterfaceOrientationPortrait;
				IPHONEOS_DEPLOYMENT_TARGET = 13.0;
				LD_RUNPATH_SEARCH_PATHS = (
					"$(inherited)",
					"@executable_path/Frameworks",
				);
				MARKETING_VERSION = 1.0;
				PRODUCT_BUNDLE_IDENTIFIER = com.vKozinets.OpenLibrary;
				PRODUCT_NAME = "$(TARGET_NAME)";
				SUPPORTED_PLATFORMS = "iphoneos iphonesimulator";
				SUPPORTS_MACCATALYST = NO;
				SUPPORTS_MAC_DESIGNED_FOR_IPHONE_IPAD = NO;
				SWIFT_EMIT_LOC_STRINGS = YES;
				SWIFT_VERSION = 5.0;
				TARGETED_DEVICE_FAMILY = 1;
			};
			name = Debug;
		};
		8BF9A62929EB02350079F7A7 /* Release */ = {
			isa = XCBuildConfiguration;
			buildSettings = {
				ASSETCATALOG_COMPILER_APPICON_NAME = AppIcon;
				ASSETCATALOG_COMPILER_GLOBAL_ACCENT_COLOR_NAME = AccentColor;
				CODE_SIGN_STYLE = Automatic;
				CURRENT_PROJECT_VERSION = 1;
				DEVELOPMENT_TEAM = 698W6FDU3B;
				GENERATE_INFOPLIST_FILE = YES;
				INFOPLIST_FILE = OpenLibrary/Info.plist;
				INFOPLIST_KEY_UIApplicationSupportsIndirectInputEvents = YES;
				INFOPLIST_KEY_UILaunchStoryboardName = LaunchScreen;
				INFOPLIST_KEY_UIMainStoryboardFile = Main;
				INFOPLIST_KEY_UISupportedInterfaceOrientations = UIInterfaceOrientationPortrait;
				IPHONEOS_DEPLOYMENT_TARGET = 13.0;
				LD_RUNPATH_SEARCH_PATHS = (
					"$(inherited)",
					"@executable_path/Frameworks",
				);
				MARKETING_VERSION = 1.0;
				PRODUCT_BUNDLE_IDENTIFIER = com.vKozinets.OpenLibrary;
				PRODUCT_NAME = "$(TARGET_NAME)";
				SUPPORTED_PLATFORMS = "iphoneos iphonesimulator";
				SUPPORTS_MACCATALYST = NO;
				SUPPORTS_MAC_DESIGNED_FOR_IPHONE_IPAD = NO;
				SWIFT_EMIT_LOC_STRINGS = YES;
				SWIFT_VERSION = 5.0;
				TARGETED_DEVICE_FAMILY = 1;
			};
			name = Release;
		};
/* End XCBuildConfiguration section */

/* Begin XCConfigurationList section */
		8BF9A60E29EB02320079F7A7 /* Build configuration list for PBXProject "OpenLibrary" */ = {
			isa = XCConfigurationList;
			buildConfigurations = (
				8BF9A62529EB02350079F7A7 /* Debug */,
				8BF9A62629EB02350079F7A7 /* Release */,
			);
			defaultConfigurationIsVisible = 0;
			defaultConfigurationName = Release;
		};
		8BF9A62729EB02350079F7A7 /* Build configuration list for PBXNativeTarget "OpenLibrary" */ = {
			isa = XCConfigurationList;
			buildConfigurations = (
				8BF9A62829EB02350079F7A7 /* Debug */,
				8BF9A62929EB02350079F7A7 /* Release */,
			);
			defaultConfigurationIsVisible = 0;
			defaultConfigurationName = Release;
		};
/* End XCConfigurationList section */
	};
	rootObject = 8BF9A60B29EB02320079F7A7 /* Project object */;
}
